
Microsoft Visual Studio Solution File, Format Version 12.00
# Visual Studio Version 16
VisualStudioVersion = 16.0.30611.23
MinimumVisualStudioVersion = 10.0.40219.1
Project("{9A19103F-16F7-4668-BE54-9A1E7A4F7556}") = "Prb.Boekenkast.Wpf", "Prb.Boekenkast.Wpf\Prb.Boekenkast.Wpf.csproj", "{C359FA63-73D1-462E-9776-32528B4381FA}"
EndProject
Project("{FAE04EC0-301F-11D3-BF4B-00C04F79EFBC}") = "Prb.Boekenkast.Core", "Prb.Boekenkast.Core\Prb.Boekenkast.Core.csproj", "{A61B47EA-299A-429C-9FDA-AEB4C33C14FD}"
EndProject
Global
	GlobalSection(SolutionConfigurationPlatforms) = preSolution
		Debug|Any CPU = Debug|Any CPU
		Release|Any CPU = Release|Any CPU
	EndGlobalSection
	GlobalSection(ProjectConfigurationPlatforms) = postSolution
		{C359FA63-73D1-462E-9776-32528B4381FA}.Debug|Any CPU.ActiveCfg = Debug|Any CPU
		{C359FA63-73D1-462E-9776-32528B4381FA}.Debug|Any CPU.Build.0 = Debug|Any CPU
		{C359FA63-73D1-462E-9776-32528B4381FA}.Release|Any CPU.ActiveCfg = Release|Any CPU
		{C359FA63-73D1-462E-9776-32528B4381FA}.Release|Any CPU.Build.0 = Release|Any CPU
		{A61B47EA-299A-429C-9FDA-AEB4C33C14FD}.Debug|Any CPU.ActiveCfg = Debug|Any CPU
		{A61B47EA-299A-429C-9FDA-AEB4C33C14FD}.Debug|Any CPU.Build.0 = Debug|Any CPU
		{A61B47EA-299A-429C-9FDA-AEB4C33C14FD}.Release|Any CPU.ActiveCfg = Release|Any CPU
		{A61B47EA-299A-429C-9FDA-AEB4C33C14FD}.Release|Any CPU.Build.0 = Release|Any CPU
	EndGlobalSection
	GlobalSection(SolutionProperties) = preSolution
		HideSolutionNode = FALSE
	EndGlobalSection
	GlobalSection(ExtensibilityGlobals) = postSolution
		SolutionGuid = {EC9239CF-8F40-451B-81F5-6BD8EF4252D8}
	EndGlobalSection
EndGlobal
